interactions:
- request:
    body: domain=example.com
    headers:
      Accept: ['*/*']
      Accept-Encoding: ['gzip, deflate']
      Authorization: [Bearer __MASTODON_PY_TEST_ACCESS_TOKEN]
      Connection: [keep-alive]
      Content-Length: ['18']
      Content-Type: [application/x-www-form-urlencoded]
      User-Agent: [python-requests/2.18.4]
    method: POST
    uri: http://localhost:3000/api/v1/domain_blocks
  response:
    body: {string: '{}'}
    headers:
      Cache-Control: ['max-age=0, private, must-revalidate']
      Content-Type: [application/json; charset=utf-8]
      ETag: [W/"c6a41189c705fc6216f062c783b83fd0"]
      Referrer-Policy: [strict-origin-when-cross-origin]
      Transfer-Encoding: [chunked]
      Vary: ['Accept-Encoding, Origin']
      X-Content-Type-Options: [nosniff]
      X-Download-Options: [noopen]
      X-Frame-Options: [SAMEORIGIN]
      X-Permitted-Cross-Domain-Policies: [none]
      X-Request-Id: [13430b5a-dbd2-4a5b-b566-b747d3ecf101]
      X-Runtime: ['0.030388']
      X-XSS-Protection: [1; mode=block]
      content-length: ['2']
    status: {code: 200, message: OK}
- request:
    body: domain=example.com
    headers:
      Accept: ['*/*']
      Accept-Encoding: ['gzip, deflate']
      Authorization: [Bearer __MASTODON_PY_TEST_ACCESS_TOKEN]
      Connection: [keep-alive]
      Content-Length: ['18']
      Content-Type: [application/x-www-form-urlencoded]
      User-Agent: [python-requests/2.18.4]
    method: DELETE
    uri: http://localhost:3000/api/v1/domain_blocks
  response:
    body: {string: '{}'}
    headers:
      Cache-Control: ['max-age=0, private, must-revalidate']
      Content-Type: [application/json; charset=utf-8]
      ETag: [W/"c6a41189c705fc6216f062c783b83fd0"]
      Referrer-Policy: [strict-origin-when-cross-origin]
      Transfer-Encoding: [chunked]
      Vary: ['Accept-Encoding, Origin']
      X-Content-Type-Options: [nosniff]
      X-Download-Options: [noopen]
      X-Frame-Options: [SAMEORIGIN]
      X-Permitted-Cross-Domain-Policies: [none]
      X-Request-Id: [28cb5e6f-02e0-4d3a-9238-d19d006e44d9]
      X-Runtime: ['0.029897']
      X-XSS-Protection: [1; mode=block]
      content-length: ['2']
    status: {code: 200, message: OK}
version: 1
