interactions:
- request:
    body: null
    headers:
      Accept: ['*/*']
      Accept-Encoding: ['gzip, deflate']
      Authorization: [Bearer __MASTODON_PY_TEST_ACCESS_TOKEN]
      Connection: [keep-alive]
      Content-Length: ['0']
      User-Agent: [python-requests/2.9.1]
    method: POST
    uri: http://localhost:3000/api/v1/accounts/1/block
  response:
    body: {string: '{"id":"1","following":false,"showing_reblogs":false,"followed_by":false,"blocking":true,"muting":false,"muting_notifications":false,"requested":false,"domain_blocking":false}'}
    headers:
      Cache-Control: ['max-age=0, private, must-revalidate']
      Content-Type: [application/json; charset=utf-8]
      ETag: [W/"7270db64f2e7252111bde1d5a36123b5"]
      Transfer-Encoding: [chunked]
      Vary: ['Accept-Encoding, Origin']
      X-Content-Type-Options: [nosniff]
      X-Frame-Options: [SAMEORIGIN]
      X-Request-Id: [4647bb35-bc43-4f4f-b468-a4b4e9c8014d]
      X-Runtime: ['0.143071']
      X-XSS-Protection: [1; mode=block]
      content-length: ['174']
    status: {code: 200, message: OK}
- request:
    body: null
    headers:
      Accept: ['*/*']
      Accept-Encoding: ['gzip, deflate']
      Authorization: [Bearer __MASTODON_PY_TEST_ACCESS_TOKEN]
      Connection: [keep-alive]
      Content-Length: ['0']
      User-Agent: [python-requests/2.9.1]
    method: POST
    uri: http://localhost:3000/api/v1/accounts/1/unblock
  response:
    body: {string: '{"id":"1","following":false,"showing_reblogs":false,"followed_by":false,"blocking":false,"muting":false,"muting_notifications":false,"requested":false,"domain_blocking":false}'}
    headers:
      Cache-Control: ['max-age=0, private, must-revalidate']
      Content-Type: [application/json; charset=utf-8]
      ETag: [W/"87221e47b85c075458d260d65c52aa13"]
      Transfer-Encoding: [chunked]
      Vary: ['Accept-Encoding, Origin']
      X-Content-Type-Options: [nosniff]
      X-Frame-Options: [SAMEORIGIN]
      X-Request-Id: [ecf68d44-d195-4ba8-a68d-6d018a9d0d79]
      X-Runtime: ['0.056808']
      X-XSS-Protection: [1; mode=block]
      content-length: ['175']
    status: {code: 200, message: OK}
version: 1
