interactions:
- request:
    body: domain=example.com
    headers:
      Accept: ['*/*']
      Accept-Encoding: ['gzip, deflate']
      Authorization: [Bearer __MASTODON_PY_TEST_ACCESS_TOKEN]
      Connection: [keep-alive]
      Content-Length: ['18']
      Content-Type: [application/x-www-form-urlencoded]
      User-Agent: [python-requests/2.9.1]
    method: POST
    uri: http://localhost:3000/api/v1/domain_blocks
  response:
    body: {string: '{}'}
    headers:
      Cache-Control: ['max-age=0, private, must-revalidate']
      Content-Type: [application/json; charset=utf-8]
      ETag: [W/"09c055ece3ad0362c2ea3906610b5832"]
      Referrer-Policy: [strict-origin-when-cross-origin]
      Transfer-Encoding: [chunked]
      Vary: ['Accept-Encoding, Origin']
      X-Content-Type-Options: [nosniff]
      X-Download-Options: [noopen]
      X-Frame-Options: [SAMEORIGIN]
      X-Permitted-Cross-Domain-Policies: [none]
      X-Request-Id: [b37d75db-6c1f-4cee-a44b-bc6e2d61b1b9]
      X-Runtime: ['0.341110']
      X-XSS-Protection: [1; mode=block]
      content-length: ['2']
    status: {code: 200, message: OK}
- request:
    body: domain=example.com
    headers:
      Accept: ['*/*']
      Accept-Encoding: ['gzip, deflate']
      Authorization: [Bearer __MASTODON_PY_TEST_ACCESS_TOKEN]
      Connection: [keep-alive]
      Content-Length: ['18']
      Content-Type: [application/x-www-form-urlencoded]
      User-Agent: [python-requests/2.9.1]
    method: DELETE
    uri: http://localhost:3000/api/v1/domain_blocks
  response:
    body: {string: '{}'}
    headers:
      Cache-Control: ['max-age=0, private, must-revalidate']
      Content-Type: [application/json; charset=utf-8]
      ETag: [W/"09c055ece3ad0362c2ea3906610b5832"]
      Referrer-Policy: [strict-origin-when-cross-origin]
      Transfer-Encoding: [chunked]
      Vary: ['Accept-Encoding, Origin']
      X-Content-Type-Options: [nosniff]
      X-Download-Options: [noopen]
      X-Frame-Options: [SAMEORIGIN]
      X-Permitted-Cross-Domain-Policies: [none]
      X-Request-Id: [ed937bcf-7734-4be8-a1e1-57aca94998d1]
      X-Runtime: ['0.169136']
      X-XSS-Protection: [1; mode=block]
      content-length: ['2']
    status: {code: 200, message: OK}
version: 1
