interactions:
- request:
    body: domain=example.com
    headers:
      Accept: ['*/*']
      Accept-Encoding: ['gzip, deflate']
      Authorization: [Bearer __MASTODON_PY_TEST_ACCESS_TOKEN]
      Connection: [keep-alive]
      Content-Length: ['18']
      Content-Type: [application/x-www-form-urlencoded]
      User-Agent: [python-requests/2.18.4]
    method: POST
    uri: http://localhost:3000/api/v1/domain_blocks
  response:
    body: {string: '{}'}
    headers:
      Cache-Control: ['no-cache, no-store']
      Content-Type: [application/json; charset=utf-8]
      Referrer-Policy: [strict-origin-when-cross-origin]
      Transfer-Encoding: [chunked]
      Vary: ['Accept-Encoding, Origin']
      X-Content-Type-Options: [nosniff]
      X-Download-Options: [noopen]
      X-Frame-Options: [SAMEORIGIN]
      X-Permitted-Cross-Domain-Policies: [none]
      X-Request-Id: [69b1b947-bd2d-4c7e-ac42-0e0cdaafb256]
      X-Runtime: ['0.054471']
      X-XSS-Protection: [1; mode=block]
      content-length: ['2']
    status: {code: 200, message: OK}
- request:
    body: domain=example.com
    headers:
      Accept: ['*/*']
      Accept-Encoding: ['gzip, deflate']
      Authorization: [Bearer __MASTODON_PY_TEST_ACCESS_TOKEN]
      Connection: [keep-alive]
      Content-Length: ['18']
      Content-Type: [application/x-www-form-urlencoded]
      User-Agent: [python-requests/2.18.4]
    method: DELETE
    uri: http://localhost:3000/api/v1/domain_blocks
  response:
    body: {string: '{}'}
    headers:
      Cache-Control: ['no-cache, no-store']
      Content-Type: [application/json; charset=utf-8]
      Referrer-Policy: [strict-origin-when-cross-origin]
      Transfer-Encoding: [chunked]
      Vary: ['Accept-Encoding, Origin']
      X-Content-Type-Options: [nosniff]
      X-Download-Options: [noopen]
      X-Frame-Options: [SAMEORIGIN]
      X-Permitted-Cross-Domain-Policies: [none]
      X-Request-Id: [3ea97cd0-abf3-4189-af17-81b0b12a8531]
      X-Runtime: ['0.043941']
      X-XSS-Protection: [1; mode=block]
      content-length: ['2']
    status: {code: 200, message: OK}
version: 1
