interactions:
- request:
    body: email=test%40example.com
    headers:
      Accept:
      - '*/*'
      Accept-Encoding:
      - gzip, deflate, br
      Authorization:
      - Bearer __MASTODON_PY_TEST_ACCESS_TOKEN_2
      Connection:
      - keep-alive
      Content-Length:
      - '24'
      Content-Type:
      - application/x-www-form-urlencoded
      User-Agent:
      - tests/v311
    method: POST
    uri: http://localhost:3000/api/v1/admin/canonical_email_blocks
  response:
    body:
      string: '{"id":"2","canonical_email_hash":"973dfe463ec85785f5f95af5ba3906eedb2d931c24e69824a89ea65dba4e813b"}'
    headers:
      cache-control:
      - private, no-store
      content-length:
      - '100'
      content-security-policy:
      - default-src 'none'; frame-ancestors 'none'; form-action 'none'
      content-type:
      - application/json; charset=utf-8
      etag:
      - W/"266b1654e29c4b0604ad5172b546c87d"
      referrer-policy:
      - strict-origin-when-cross-origin
      server-timing:
      - cache_read.active_support;dur=0.09, sql.active_record;dur=10.16, cache_generate.active_support;dur=1.07,
        cache_write.active_support;dur=0.07, instantiation.active_record;dur=0.24,
        start_processing.action_controller;dur=0.00, start_transaction.active_record;dur=0.01,
        transaction.active_record;dur=10.90, render.active_model_serializers;dur=0.17,
        process_action.action_controller;dur=47.18
      vary:
      - Authorization, Origin
      x-content-type-options:
      - nosniff
      x-frame-options:
      - SAMEORIGIN
      x-permitted-cross-domain-policies:
      - none
      x-ratelimit-limit:
      - '300'
      x-ratelimit-remaining:
      - '299'
      x-ratelimit-reset:
      - '2026-04-11T23:15:00.349512Z'
      x-request-id:
      - c58e4345-f763-4bac-be6e-354790069776
      x-runtime:
      - '0.067335'
      x-xss-protection:
      - '0'
    status:
      code: 200
      message: OK
- request:
    body: email=test%40example.com
    headers:
      Accept:
      - '*/*'
      Accept-Encoding:
      - gzip, deflate, br
      Authorization:
      - Bearer __MASTODON_PY_TEST_ACCESS_TOKEN_2
      Connection:
      - keep-alive
      Content-Length:
      - '24'
      Content-Type:
      - application/x-www-form-urlencoded
      User-Agent:
      - tests/v311
    method: POST
    uri: http://localhost:3000/api/v1/admin/canonical_email_blocks/test
  response:
    body:
      string: '[{"id":"2","canonical_email_hash":"973dfe463ec85785f5f95af5ba3906eedb2d931c24e69824a89ea65dba4e813b"}]'
    headers:
      cache-control:
      - private, no-store
      content-length:
      - '102'
      content-security-policy:
      - default-src 'none'; frame-ancestors 'none'; form-action 'none'
      content-type:
      - application/json; charset=utf-8
      etag:
      - W/"3952e8dcc09991292223b1ea94a25f45"
      referrer-policy:
      - strict-origin-when-cross-origin
      server-timing:
      - cache_read.active_support;dur=0.03, sql.active_record;dur=1.47, cache_generate.active_support;dur=1.09,
        cache_write.active_support;dur=0.08, instantiation.active_record;dur=0.31,
        start_processing.action_controller;dur=0.00, render.active_model_serializers;dur=0.16,
        process_action.action_controller;dur=30.77
      vary:
      - Authorization, Origin
      x-content-type-options:
      - nosniff
      x-frame-options:
      - SAMEORIGIN
      x-permitted-cross-domain-policies:
      - none
      x-ratelimit-limit:
      - '300'
      x-ratelimit-remaining:
      - '299'
      x-ratelimit-reset:
      - '2026-04-11T23:15:00.441659Z'
      x-request-id:
      - 3d146127-06e8-45f6-be2a-c9610b800c91
      x-runtime:
      - '0.051352'
      x-xss-protection:
      - '0'
    status:
      code: 200
      message: OK
- request:
    body: email=Test%40example.com
    headers:
      Accept:
      - '*/*'
      Accept-Encoding:
      - gzip, deflate, br
      Authorization:
      - Bearer __MASTODON_PY_TEST_ACCESS_TOKEN_2
      Connection:
      - keep-alive
      Content-Length:
      - '24'
      Content-Type:
      - application/x-www-form-urlencoded
      User-Agent:
      - tests/v311
    method: POST
    uri: http://localhost:3000/api/v1/admin/canonical_email_blocks/test
  response:
    body:
      string: '[{"id":"2","canonical_email_hash":"973dfe463ec85785f5f95af5ba3906eedb2d931c24e69824a89ea65dba4e813b"}]'
    headers:
      cache-control:
      - private, no-store
      content-length:
      - '102'
      content-security-policy:
      - default-src 'none'; frame-ancestors 'none'; form-action 'none'
      content-type:
      - application/json; charset=utf-8
      etag:
      - W/"3952e8dcc09991292223b1ea94a25f45"
      referrer-policy:
      - strict-origin-when-cross-origin
      server-timing:
      - cache_read.active_support;dur=0.03, sql.active_record;dur=1.51, cache_generate.active_support;dur=1.40,
        cache_write.active_support;dur=0.12, instantiation.active_record;dur=0.31,
        start_processing.action_controller;dur=0.01, render.active_model_serializers;dur=0.19,
        process_action.action_controller;dur=38.71
      vary:
      - Authorization, Origin
      x-content-type-options:
      - nosniff
      x-frame-options:
      - SAMEORIGIN
      x-permitted-cross-domain-policies:
      - none
      x-ratelimit-limit:
      - '300'
      x-ratelimit-remaining:
      - '299'
      x-ratelimit-reset:
      - '2026-04-11T23:15:00.518080Z'
      x-request-id:
      - e989cf4f-3387-41b9-9230-5a5cb9df72e9
      x-runtime:
      - '0.057234'
      x-xss-protection:
      - '0'
    status:
      code: 200
      message: OK
- request:
    body: email=te.st%40example.com
    headers:
      Accept:
      - '*/*'
      Accept-Encoding:
      - gzip, deflate, br
      Authorization:
      - Bearer __MASTODON_PY_TEST_ACCESS_TOKEN_2
      Connection:
      - keep-alive
      Content-Length:
      - '25'
      Content-Type:
      - application/x-www-form-urlencoded
      User-Agent:
      - tests/v311
    method: POST
    uri: http://localhost:3000/api/v1/admin/canonical_email_blocks/test
  response:
    body:
      string: '[{"id":"2","canonical_email_hash":"973dfe463ec85785f5f95af5ba3906eedb2d931c24e69824a89ea65dba4e813b"}]'
    headers:
      cache-control:
      - private, no-store
      content-length:
      - '102'
      content-security-policy:
      - default-src 'none'; frame-ancestors 'none'; form-action 'none'
      content-type:
      - application/json; charset=utf-8
      etag:
      - W/"3952e8dcc09991292223b1ea94a25f45"
      referrer-policy:
      - strict-origin-when-cross-origin
      server-timing:
      - cache_read.active_support;dur=0.04, sql.active_record;dur=1.27, cache_generate.active_support;dur=1.31,
        cache_write.active_support;dur=0.09, instantiation.active_record;dur=0.31,
        start_processing.action_controller;dur=0.00, render.active_model_serializers;dur=0.26,
        process_action.action_controller;dur=29.51
      vary:
      - Authorization, Origin
      x-content-type-options:
      - nosniff
      x-frame-options:
      - SAMEORIGIN
      x-permitted-cross-domain-policies:
      - none
      x-ratelimit-limit:
      - '300'
      x-ratelimit-remaining:
      - '299'
      x-ratelimit-reset:
      - '2026-04-11T23:15:00.601619Z'
      x-request-id:
      - de71b53a-305b-4451-8544-95236d4ecfd8
      x-runtime:
      - '0.048357'
      x-xss-protection:
      - '0'
    status:
      code: 200
      message: OK
- request:
    body: email=test%2Bother%40EXAMPLE.com
    headers:
      Accept:
      - '*/*'
      Accept-Encoding:
      - gzip, deflate, br
      Authorization:
      - Bearer __MASTODON_PY_TEST_ACCESS_TOKEN_2
      Connection:
      - keep-alive
      Content-Length:
      - '32'
      Content-Type:
      - application/x-www-form-urlencoded
      User-Agent:
      - tests/v311
    method: POST
    uri: http://localhost:3000/api/v1/admin/canonical_email_blocks/test
  response:
    body:
      string: '[{"id":"2","canonical_email_hash":"973dfe463ec85785f5f95af5ba3906eedb2d931c24e69824a89ea65dba4e813b"}]'
    headers:
      cache-control:
      - private, no-store
      content-length:
      - '102'
      content-security-policy:
      - default-src 'none'; frame-ancestors 'none'; form-action 'none'
      content-type:
      - application/json; charset=utf-8
      etag:
      - W/"3952e8dcc09991292223b1ea94a25f45"
      referrer-policy:
      - strict-origin-when-cross-origin
      server-timing:
      - cache_read.active_support;dur=0.03, sql.active_record;dur=1.24, cache_generate.active_support;dur=1.13,
        cache_write.active_support;dur=0.07, instantiation.active_record;dur=0.31,
        start_processing.action_controller;dur=0.00, render.active_model_serializers;dur=0.16,
        process_action.action_controller;dur=30.17
      vary:
      - Authorization, Origin
      x-content-type-options:
      - nosniff
      x-frame-options:
      - SAMEORIGIN
      x-permitted-cross-domain-policies:
      - none
      x-ratelimit-limit:
      - '300'
      x-ratelimit-remaining:
      - '299'
      x-ratelimit-reset:
      - '2026-04-11T23:15:00.676150Z'
      x-request-id:
      - 684763f2-f194-423d-a045-86e264b6d20f
      x-runtime:
      - '0.047468'
      x-xss-protection:
      - '0'
    status:
      code: 200
      message: OK
- request:
    body: null
    headers:
      Accept:
      - '*/*'
      Accept-Encoding:
      - gzip, deflate, br
      Authorization:
      - Bearer __MASTODON_PY_TEST_ACCESS_TOKEN_2
      Connection:
      - keep-alive
      User-Agent:
      - tests/v311
    method: GET
    uri: http://localhost:3000/api/v1/admin/canonical_email_blocks
  response:
    body:
      string: '[{"id":"2","canonical_email_hash":"973dfe463ec85785f5f95af5ba3906eedb2d931c24e69824a89ea65dba4e813b"}]'
    headers:
      cache-control:
      - private, no-store
      content-length:
      - '102'
      content-security-policy:
      - default-src 'none'; frame-ancestors 'none'; form-action 'none'
      content-type:
      - application/json; charset=utf-8
      etag:
      - W/"3952e8dcc09991292223b1ea94a25f45"
      link:
      - <http://localhost:3000/api/v1/admin/canonical_email_blocks?min_id=2>; rel="prev"
      referrer-policy:
      - strict-origin-when-cross-origin
      server-timing:
      - cache_read.active_support;dur=0.02, sql.active_record;dur=1.35, cache_generate.active_support;dur=1.98,
        cache_write.active_support;dur=0.09, instantiation.active_record;dur=0.20,
        start_processing.action_controller;dur=0.00, render.active_model_serializers;dur=0.15,
        process_action.action_controller;dur=29.17
      vary:
      - Authorization, Origin
      x-content-type-options:
      - nosniff
      x-frame-options:
      - SAMEORIGIN
      x-permitted-cross-domain-policies:
      - none
      x-ratelimit-limit:
      - '300'
      x-ratelimit-remaining:
      - '299'
      x-ratelimit-reset:
      - '2026-04-11T23:15:00.751669Z'
      x-request-id:
      - 3ce5bd44-ac05-445c-b969-10cbfbe20dac
      x-runtime:
      - '0.048478'
      x-xss-protection:
      - '0'
    status:
      code: 200
      message: OK
- request:
    body: null
    headers:
      Accept:
      - '*/*'
      Accept-Encoding:
      - gzip, deflate, br
      Authorization:
      - Bearer __MASTODON_PY_TEST_ACCESS_TOKEN_2
      Connection:
      - keep-alive
      Content-Length:
      - '0'
      User-Agent:
      - tests/v311
    method: DELETE
    uri: http://localhost:3000/api/v1/admin/canonical_email_blocks/2
  response:
    body:
      string: '{}'
    headers:
      cache-control:
      - private, no-store
      content-length:
      - '2'
      content-security-policy:
      - default-src 'none'; frame-ancestors 'none'; form-action 'none'
      content-type:
      - application/json; charset=utf-8
      etag:
      - W/"44136fa355b3678a1146ad16f7e8649e"
      referrer-policy:
      - strict-origin-when-cross-origin
      server-timing:
      - cache_read.active_support;dur=0.03, sql.active_record;dur=9.99, cache_generate.active_support;dur=1.02,
        cache_write.active_support;dur=0.07, instantiation.active_record;dur=0.26,
        start_processing.action_controller;dur=0.01, start_transaction.active_record;dur=0.01,
        transaction.active_record;dur=9.12, render.active_model_serializers;dur=0.03,
        process_action.action_controller;dur=40.50
      vary:
      - Authorization, Origin
      x-content-type-options:
      - nosniff
      x-frame-options:
      - SAMEORIGIN
      x-permitted-cross-domain-policies:
      - none
      x-ratelimit-limit:
      - '300'
      x-ratelimit-remaining:
      - '299'
      x-ratelimit-reset:
      - '2026-04-11T23:15:00.826150Z'
      x-request-id:
      - 3f7d00ff-250a-467b-a19c-4c53f11635ef
      x-runtime:
      - '0.058202'
      x-xss-protection:
      - '0'
    status:
      code: 200
      message: OK
- request:
    body: null
    headers:
      Accept:
      - '*/*'
      Accept-Encoding:
      - gzip, deflate, br
      Authorization:
      - Bearer __MASTODON_PY_TEST_ACCESS_TOKEN_2
      Connection:
      - keep-alive
      User-Agent:
      - tests/v311
    method: GET
    uri: http://localhost:3000/api/v1/admin/canonical_email_blocks
  response:
    body:
      string: '[]'
    headers:
      cache-control:
      - private, no-store
      content-length:
      - '2'
      content-security-policy:
      - default-src 'none'; frame-ancestors 'none'; form-action 'none'
      content-type:
      - application/json; charset=utf-8
      etag:
      - W/"4f53cda18c2baa0c0354bb5f9a3ecbe5"
      referrer-policy:
      - strict-origin-when-cross-origin
      server-timing:
      - cache_read.active_support;dur=0.02, sql.active_record;dur=1.18, cache_generate.active_support;dur=2.98,
        cache_write.active_support;dur=0.07, instantiation.active_record;dur=0.19,
        start_processing.action_controller;dur=0.00, render.active_model_serializers;dur=0.04,
        process_action.action_controller;dur=27.51
      vary:
      - Authorization, Origin
      x-content-type-options:
      - nosniff
      x-frame-options:
      - SAMEORIGIN
      x-permitted-cross-domain-policies:
      - none
      x-ratelimit-limit:
      - '300'
      x-ratelimit-remaining:
      - '299'
      x-ratelimit-reset:
      - '2026-04-11T23:15:00.912303Z'
      x-request-id:
      - e949c20f-4748-41d6-84e1-90979a1aae19
      x-runtime:
      - '0.047034'
      x-xss-protection:
      - '0'
    status:
      code: 200
      message: OK
- request:
    body: canonical_email_hash=973dfe463ec85785f5f95af5ba3906eedb2d931c24e69824a89ea65dba4e813b
    headers:
      Accept:
      - '*/*'
      Accept-Encoding:
      - gzip, deflate, br
      Authorization:
      - Bearer __MASTODON_PY_TEST_ACCESS_TOKEN_2
      Connection:
      - keep-alive
      Content-Length:
      - '85'
      Content-Type:
      - application/x-www-form-urlencoded
      User-Agent:
      - tests/v311
    method: POST
    uri: http://localhost:3000/api/v1/admin/canonical_email_blocks
  response:
    body:
      string: '{"id":"3","canonical_email_hash":"973dfe463ec85785f5f95af5ba3906eedb2d931c24e69824a89ea65dba4e813b"}'
    headers:
      cache-control:
      - private, no-store
      content-length:
      - '100'
      content-security-policy:
      - default-src 'none'; frame-ancestors 'none'; form-action 'none'
      content-type:
      - application/json; charset=utf-8
      etag:
      - W/"03a941d0a81e7ac3b7db195d195c7ffa"
      referrer-policy:
      - strict-origin-when-cross-origin
      server-timing:
      - cache_read.active_support;dur=0.04, sql.active_record;dur=10.99, cache_generate.active_support;dur=1.39,
        cache_write.active_support;dur=0.07, instantiation.active_record;dur=0.24,
        start_processing.action_controller;dur=0.00, start_transaction.active_record;dur=0.01,
        transaction.active_record;dur=11.64, render.active_model_serializers;dur=0.15,
        process_action.action_controller;dur=43.05
      vary:
      - Authorization, Origin
      x-content-type-options:
      - nosniff
      x-frame-options:
      - SAMEORIGIN
      x-permitted-cross-domain-policies:
      - none
      x-ratelimit-limit:
      - '300'
      x-ratelimit-remaining:
      - '299'
      x-ratelimit-reset:
      - '2026-04-11T23:15:00.985158Z'
      x-request-id:
      - 35055308-3d39-42fb-81cb-d376b4399a14
      x-runtime:
      - '0.061225'
      x-xss-protection:
      - '0'
    status:
      code: 200
      message: OK
- request:
    body: null
    headers:
      Accept:
      - '*/*'
      Accept-Encoding:
      - gzip, deflate, br
      Authorization:
      - Bearer __MASTODON_PY_TEST_ACCESS_TOKEN_2
      Connection:
      - keep-alive
      User-Agent:
      - tests/v311
    method: GET
    uri: http://localhost:3000/api/v1/admin/canonical_email_blocks/3
  response:
    body:
      string: '{"id":"3","canonical_email_hash":"973dfe463ec85785f5f95af5ba3906eedb2d931c24e69824a89ea65dba4e813b"}'
    headers:
      cache-control:
      - private, no-store
      content-length:
      - '100'
      content-security-policy:
      - default-src 'none'; frame-ancestors 'none'; form-action 'none'
      content-type:
      - application/json; charset=utf-8
      etag:
      - W/"03a941d0a81e7ac3b7db195d195c7ffa"
      referrer-policy:
      - strict-origin-when-cross-origin
      server-timing:
      - cache_read.active_support;dur=0.02, sql.active_record;dur=1.64, cache_generate.active_support;dur=1.16,
        cache_write.active_support;dur=0.07, instantiation.active_record;dur=0.33,
        start_processing.action_controller;dur=0.00, render.active_model_serializers;dur=0.15,
        process_action.action_controller;dur=30.79
      vary:
      - Authorization, Origin
      x-content-type-options:
      - nosniff
      x-frame-options:
      - SAMEORIGIN
      x-permitted-cross-domain-policies:
      - none
      x-ratelimit-limit:
      - '300'
      x-ratelimit-remaining:
      - '299'
      x-ratelimit-reset:
      - '2026-04-11T23:15:00.074994Z'
      x-request-id:
      - 80dffc71-0ff9-4bd3-9ca1-ee0be42db463
      x-runtime:
      - '0.049229'
      x-xss-protection:
      - '0'
    status:
      code: 200
      message: OK
- request:
    body: email=Test%40example.com
    headers:
      Accept:
      - '*/*'
      Accept-Encoding:
      - gzip, deflate, br
      Authorization:
      - Bearer __MASTODON_PY_TEST_ACCESS_TOKEN_2
      Connection:
      - keep-alive
      Content-Length:
      - '24'
      Content-Type:
      - application/x-www-form-urlencoded
      User-Agent:
      - tests/v311
    method: POST
    uri: http://localhost:3000/api/v1/admin/canonical_email_blocks/test
  response:
    body:
      string: '[{"id":"3","canonical_email_hash":"973dfe463ec85785f5f95af5ba3906eedb2d931c24e69824a89ea65dba4e813b"}]'
    headers:
      cache-control:
      - private, no-store
      content-length:
      - '102'
      content-security-policy:
      - default-src 'none'; frame-ancestors 'none'; form-action 'none'
      content-type:
      - application/json; charset=utf-8
      etag:
      - W/"9a90f9d753e5819d7e2c3dbf9f45af08"
      referrer-policy:
      - strict-origin-when-cross-origin
      server-timing:
      - cache_read.active_support;dur=0.02, sql.active_record;dur=1.28, cache_generate.active_support;dur=1.07,
        cache_write.active_support;dur=0.13, instantiation.active_record;dur=0.34,
        start_processing.action_controller;dur=0.00, render.active_model_serializers;dur=0.17,
        process_action.action_controller;dur=29.14
      vary:
      - Authorization, Origin
      x-content-type-options:
      - nosniff
      x-frame-options:
      - SAMEORIGIN
      x-permitted-cross-domain-policies:
      - none
      x-ratelimit-limit:
      - '300'
      x-ratelimit-remaining:
      - '299'
      x-ratelimit-reset:
      - '2026-04-11T23:15:00.149602Z'
      x-request-id:
      - 758d0406-9f0a-464f-bf12-9cbe52bb0c8d
      x-runtime:
      - '0.048054'
      x-xss-protection:
      - '0'
    status:
      code: 200
      message: OK
- request:
    body: email=te.st%40example.com
    headers:
      Accept:
      - '*/*'
      Accept-Encoding:
      - gzip, deflate, br
      Authorization:
      - Bearer __MASTODON_PY_TEST_ACCESS_TOKEN_2
      Connection:
      - keep-alive
      Content-Length:
      - '25'
      Content-Type:
      - application/x-www-form-urlencoded
      User-Agent:
      - tests/v311
    method: POST
    uri: http://localhost:3000/api/v1/admin/canonical_email_blocks/test
  response:
    body:
      string: '[{"id":"3","canonical_email_hash":"973dfe463ec85785f5f95af5ba3906eedb2d931c24e69824a89ea65dba4e813b"}]'
    headers:
      cache-control:
      - private, no-store
      content-length:
      - '102'
      content-security-policy:
      - default-src 'none'; frame-ancestors 'none'; form-action 'none'
      content-type:
      - application/json; charset=utf-8
      etag:
      - W/"9a90f9d753e5819d7e2c3dbf9f45af08"
      referrer-policy:
      - strict-origin-when-cross-origin
      server-timing:
      - cache_read.active_support;dur=0.03, sql.active_record;dur=1.69, cache_generate.active_support;dur=1.13,
        cache_write.active_support;dur=0.09, instantiation.active_record;dur=0.44,
        start_processing.action_controller;dur=0.00, render.active_model_serializers;dur=0.17,
        process_action.action_controller;dur=32.05
      vary:
      - Authorization, Origin
      x-content-type-options:
      - nosniff
      x-frame-options:
      - SAMEORIGIN
      x-permitted-cross-domain-policies:
      - none
      x-ratelimit-limit:
      - '300'
      x-ratelimit-remaining:
      - '299'
      x-ratelimit-reset:
      - '2026-04-11T23:15:00.226110Z'
      x-request-id:
      - 51bf5e9c-510c-4f12-aaa8-a6ad635f0c39
      x-runtime:
      - '0.050664'
      x-xss-protection:
      - '0'
    status:
      code: 200
      message: OK
- request:
    body: email=test%2Bother%40EXAMPLE.com
    headers:
      Accept:
      - '*/*'
      Accept-Encoding:
      - gzip, deflate, br
      Authorization:
      - Bearer __MASTODON_PY_TEST_ACCESS_TOKEN_2
      Connection:
      - keep-alive
      Content-Length:
      - '32'
      Content-Type:
      - application/x-www-form-urlencoded
      User-Agent:
      - tests/v311
    method: POST
    uri: http://localhost:3000/api/v1/admin/canonical_email_blocks/test
  response:
    body:
      string: '[{"id":"3","canonical_email_hash":"973dfe463ec85785f5f95af5ba3906eedb2d931c24e69824a89ea65dba4e813b"}]'
    headers:
      cache-control:
      - private, no-store
      content-length:
      - '102'
      content-security-policy:
      - default-src 'none'; frame-ancestors 'none'; form-action 'none'
      content-type:
      - application/json; charset=utf-8
      etag:
      - W/"9a90f9d753e5819d7e2c3dbf9f45af08"
      referrer-policy:
      - strict-origin-when-cross-origin
      server-timing:
      - cache_read.active_support;dur=0.03, sql.active_record;dur=1.43, cache_generate.active_support;dur=1.33,
        cache_write.active_support;dur=0.09, instantiation.active_record;dur=0.36,
        start_processing.action_controller;dur=0.00, render.active_model_serializers;dur=0.19,
        process_action.action_controller;dur=31.72
      vary:
      - Authorization, Origin
      x-content-type-options:
      - nosniff
      x-frame-options:
      - SAMEORIGIN
      x-permitted-cross-domain-policies:
      - none
      x-ratelimit-limit:
      - '300'
      x-ratelimit-remaining:
      - '299'
      x-ratelimit-reset:
      - '2026-04-11T23:15:00.303763Z'
      x-request-id:
      - d4a21ce9-4aee-4c5b-8ebe-e4215a808da7
      x-runtime:
      - '0.050899'
      x-xss-protection:
      - '0'
    status:
      code: 200
      message: OK
- request:
    body: null
    headers:
      Accept:
      - '*/*'
      Accept-Encoding:
      - gzip, deflate, br
      Authorization:
      - Bearer __MASTODON_PY_TEST_ACCESS_TOKEN_2
      Connection:
      - keep-alive
      Content-Length:
      - '0'
      User-Agent:
      - tests/v311
    method: DELETE
    uri: http://localhost:3000/api/v1/admin/canonical_email_blocks/3
  response:
    body:
      string: '{}'
    headers:
      cache-control:
      - private, no-store
      content-length:
      - '2'
      content-security-policy:
      - default-src 'none'; frame-ancestors 'none'; form-action 'none'
      content-type:
      - application/json; charset=utf-8
      etag:
      - W/"44136fa355b3678a1146ad16f7e8649e"
      referrer-policy:
      - strict-origin-when-cross-origin
      server-timing:
      - cache_read.active_support;dur=0.03, sql.active_record;dur=9.39, cache_generate.active_support;dur=1.02,
        cache_write.active_support;dur=0.07, instantiation.active_record;dur=0.26,
        start_processing.action_controller;dur=0.00, start_transaction.active_record;dur=0.01,
        transaction.active_record;dur=8.74, render.active_model_serializers;dur=0.03,
        process_action.action_controller;dur=38.56
      vary:
      - Authorization, Origin
      x-content-type-options:
      - nosniff
      x-frame-options:
      - SAMEORIGIN
      x-permitted-cross-domain-policies:
      - none
      x-ratelimit-limit:
      - '300'
      x-ratelimit-remaining:
      - '299'
      x-ratelimit-reset:
      - '2026-04-11T23:15:00.379039Z'
      x-request-id:
      - 2f49eeb4-359c-477d-ad59-cb69eb347729
      x-runtime:
      - '0.055860'
      x-xss-protection:
      - '0'
    status:
      code: 200
      message: OK
version: 1
