interactions:
- request:
    body: null
    headers:
      Accept: ['*/*']
      Accept-Encoding: ['gzip, deflate']
      Authorization: [Bearer __MASTODON_PY_TEST_ACCESS_TOKEN]
      Connection: [keep-alive]
      Content-Length: ['0']
      User-Agent: [python-requests/2.9.1]
    method: POST
    uri: http://localhost:3000/api/v1/accounts/1/block
  response:
    body: {string: '{"id":"1","following":false,"showing_reblogs":false,"followed_by":false,"blocking":true,"muting":false,"muting_notifications":false,"requested":false,"domain_blocking":false}'}
    headers:
      Cache-Control: ['max-age=0, private, must-revalidate']
      Content-Type: [application/json; charset=utf-8]
      ETag: [W/"6b51492dfcee796ceace9d26d2d55060"]
      Transfer-Encoding: [chunked]
      Vary: ['Accept-Encoding, Origin']
      X-Content-Type-Options: [nosniff]
      X-Frame-Options: [SAMEORIGIN]
      X-Request-Id: [3959f11c-c706-4e02-8b25-85902bb6bea8]
      X-Runtime: ['0.091559']
      X-XSS-Protection: [1; mode=block]
      content-length: ['174']
    status: {code: 200, message: OK}
- request:
    body: null
    headers:
      Accept: ['*/*']
      Accept-Encoding: ['gzip, deflate']
      Authorization: [Bearer __MASTODON_PY_TEST_ACCESS_TOKEN]
      Connection: [keep-alive]
      Content-Length: ['0']
      User-Agent: [python-requests/2.9.1]
    method: POST
    uri: http://localhost:3000/api/v1/accounts/1/unblock
  response:
    body: {string: '{"id":"1","following":false,"showing_reblogs":false,"followed_by":false,"blocking":false,"muting":false,"muting_notifications":false,"requested":false,"domain_blocking":false}'}
    headers:
      Cache-Control: ['max-age=0, private, must-revalidate']
      Content-Type: [application/json; charset=utf-8]
      ETag: [W/"8382f47619ac30055ef26cf1d911cc72"]
      Transfer-Encoding: [chunked]
      Vary: ['Accept-Encoding, Origin']
      X-Content-Type-Options: [nosniff]
      X-Frame-Options: [SAMEORIGIN]
      X-Request-Id: [3b73836e-2c8a-47d4-9704-4bc967f0ad9e]
      X-Runtime: ['0.066538']
      X-XSS-Protection: [1; mode=block]
      content-length: ['175']
    status: {code: 200, message: OK}
version: 1
