interactions:
- request:
    body: email=test%40example.com
    headers:
      Accept:
      - '*/*'
      Accept-Encoding:
      - gzip, deflate, br
      Authorization:
      - Bearer __MASTODON_PY_TEST_ACCESS_TOKEN_2
      Connection:
      - keep-alive
      Content-Length:
      - '24'
      Content-Type:
      - application/x-www-form-urlencoded
      User-Agent:
      - tests/v311
    method: POST
    uri: http://localhost:3000/api/v1/admin/canonical_email_blocks
  response:
    body:
      string: '{"id":"2","canonical_email_hash":"973dfe463ec85785f5f95af5ba3906eedb2d931c24e69824a89ea65dba4e813b"}'
    headers:
      Content-Length:
      - '100'
      cache-control:
      - private, no-store
      content-security-policy:
      - default-src 'none'; frame-ancestors 'none'; form-action 'none'
      content-type:
      - application/json; charset=utf-8
      etag:
      - W/"266b1654e29c4b0604ad5172b546c87d"
      referrer-policy:
      - strict-origin-when-cross-origin
      server-timing:
      - cache_read.active_support;dur=0.03, sql.active_record;dur=9.25, cache_generate.active_support;dur=1.10,
        cache_write.active_support;dur=0.07, instantiation.active_record;dur=0.26,
        start_processing.action_controller;dur=0.00, start_transaction.active_record;dur=0.01,
        transaction.active_record;dur=9.22, render.active_model_serializers;dur=0.14,
        process_action.action_controller;dur=43.60
      vary:
      - Authorization, Origin
      x-content-type-options:
      - nosniff
      x-frame-options:
      - SAMEORIGIN
      x-permitted-cross-domain-policies:
      - none
      x-ratelimit-limit:
      - '300'
      x-ratelimit-remaining:
      - '299'
      x-ratelimit-reset:
      - '2025-08-17T18:45:00.834064Z'
      x-request-id:
      - 1427b552-94bc-42c3-aac1-144008418b39
      x-runtime:
      - '0.065060'
      x-xss-protection:
      - '0'
    status:
      code: 200
      message: OK
- request:
    body: email=test%40example.com
    headers:
      Accept:
      - '*/*'
      Accept-Encoding:
      - gzip, deflate, br
      Authorization:
      - Bearer __MASTODON_PY_TEST_ACCESS_TOKEN_2
      Connection:
      - keep-alive
      Content-Length:
      - '24'
      Content-Type:
      - application/x-www-form-urlencoded
      User-Agent:
      - tests/v311
    method: POST
    uri: http://localhost:3000/api/v1/admin/canonical_email_blocks/test
  response:
    body:
      string: '[{"id":"2","canonical_email_hash":"973dfe463ec85785f5f95af5ba3906eedb2d931c24e69824a89ea65dba4e813b"}]'
    headers:
      Content-Length:
      - '102'
      cache-control:
      - private, no-store
      content-security-policy:
      - default-src 'none'; frame-ancestors 'none'; form-action 'none'
      content-type:
      - application/json; charset=utf-8
      etag:
      - W/"3952e8dcc09991292223b1ea94a25f45"
      referrer-policy:
      - strict-origin-when-cross-origin
      server-timing:
      - cache_read.active_support;dur=0.03, sql.active_record;dur=1.20, cache_generate.active_support;dur=0.97,
        cache_write.active_support;dur=0.07, instantiation.active_record;dur=1.34,
        start_processing.action_controller;dur=0.00, render.active_model_serializers;dur=0.19,
        process_action.action_controller;dur=30.79
      vary:
      - Authorization, Origin
      x-content-type-options:
      - nosniff
      x-frame-options:
      - SAMEORIGIN
      x-permitted-cross-domain-policies:
      - none
      x-ratelimit-limit:
      - '300'
      x-ratelimit-remaining:
      - '299'
      x-ratelimit-reset:
      - '2025-08-17T18:45:00.901607Z'
      x-request-id:
      - 788bbcc9-5800-4365-8a75-c45f9b8c91b1
      x-runtime:
      - '0.050594'
      x-xss-protection:
      - '0'
    status:
      code: 200
      message: OK
- request:
    body: email=Test%40example.com
    headers:
      Accept:
      - '*/*'
      Accept-Encoding:
      - gzip, deflate, br
      Authorization:
      - Bearer __MASTODON_PY_TEST_ACCESS_TOKEN_2
      Connection:
      - keep-alive
      Content-Length:
      - '24'
      Content-Type:
      - application/x-www-form-urlencoded
      User-Agent:
      - tests/v311
    method: POST
    uri: http://localhost:3000/api/v1/admin/canonical_email_blocks/test
  response:
    body:
      string: '[{"id":"2","canonical_email_hash":"973dfe463ec85785f5f95af5ba3906eedb2d931c24e69824a89ea65dba4e813b"}]'
    headers:
      Content-Length:
      - '102'
      cache-control:
      - private, no-store
      content-security-policy:
      - default-src 'none'; frame-ancestors 'none'; form-action 'none'
      content-type:
      - application/json; charset=utf-8
      etag:
      - W/"3952e8dcc09991292223b1ea94a25f45"
      referrer-policy:
      - strict-origin-when-cross-origin
      server-timing:
      - cache_read.active_support;dur=0.02, sql.active_record;dur=1.22, cache_generate.active_support;dur=1.01,
        cache_write.active_support;dur=0.07, instantiation.active_record;dur=0.28,
        start_processing.action_controller;dur=0.00, render.active_model_serializers;dur=0.15,
        process_action.action_controller;dur=29.07
      vary:
      - Authorization, Origin
      x-content-type-options:
      - nosniff
      x-frame-options:
      - SAMEORIGIN
      x-permitted-cross-domain-policies:
      - none
      x-ratelimit-limit:
      - '300'
      x-ratelimit-remaining:
      - '299'
      x-ratelimit-reset:
      - '2025-08-17T18:45:00.958729Z'
      x-request-id:
      - 5c899e5f-7e33-42ff-9eab-77a9709d2130
      x-runtime:
      - '0.046646'
      x-xss-protection:
      - '0'
    status:
      code: 200
      message: OK
- request:
    body: email=te.st%40example.com
    headers:
      Accept:
      - '*/*'
      Accept-Encoding:
      - gzip, deflate, br
      Authorization:
      - Bearer __MASTODON_PY_TEST_ACCESS_TOKEN_2
      Connection:
      - keep-alive
      Content-Length:
      - '25'
      Content-Type:
      - application/x-www-form-urlencoded
      User-Agent:
      - tests/v311
    method: POST
    uri: http://localhost:3000/api/v1/admin/canonical_email_blocks/test
  response:
    body:
      string: '[{"id":"2","canonical_email_hash":"973dfe463ec85785f5f95af5ba3906eedb2d931c24e69824a89ea65dba4e813b"}]'
    headers:
      Content-Length:
      - '102'
      cache-control:
      - private, no-store
      content-security-policy:
      - default-src 'none'; frame-ancestors 'none'; form-action 'none'
      content-type:
      - application/json; charset=utf-8
      etag:
      - W/"3952e8dcc09991292223b1ea94a25f45"
      referrer-policy:
      - strict-origin-when-cross-origin
      server-timing:
      - cache_read.active_support;dur=0.03, sql.active_record;dur=1.00, cache_generate.active_support;dur=0.80,
        cache_write.active_support;dur=0.08, instantiation.active_record;dur=0.26,
        start_processing.action_controller;dur=0.00, render.active_model_serializers;dur=0.15,
        process_action.action_controller;dur=28.90
      vary:
      - Authorization, Origin
      x-content-type-options:
      - nosniff
      x-frame-options:
      - SAMEORIGIN
      x-permitted-cross-domain-policies:
      - none
      x-ratelimit-limit:
      - '300'
      x-ratelimit-remaining:
      - '299'
      x-ratelimit-reset:
      - '2025-08-17T18:45:00.014440Z'
      x-request-id:
      - 8ba4c46f-9cf3-4642-a8d7-caeeff93369f
      x-runtime:
      - '0.046335'
      x-xss-protection:
      - '0'
    status:
      code: 200
      message: OK
- request:
    body: email=test%2Bother%40EXAMPLE.com
    headers:
      Accept:
      - '*/*'
      Accept-Encoding:
      - gzip, deflate, br
      Authorization:
      - Bearer __MASTODON_PY_TEST_ACCESS_TOKEN_2
      Connection:
      - keep-alive
      Content-Length:
      - '32'
      Content-Type:
      - application/x-www-form-urlencoded
      User-Agent:
      - tests/v311
    method: POST
    uri: http://localhost:3000/api/v1/admin/canonical_email_blocks/test
  response:
    body:
      string: '[{"id":"2","canonical_email_hash":"973dfe463ec85785f5f95af5ba3906eedb2d931c24e69824a89ea65dba4e813b"}]'
    headers:
      Content-Length:
      - '102'
      cache-control:
      - private, no-store
      content-security-policy:
      - default-src 'none'; frame-ancestors 'none'; form-action 'none'
      content-type:
      - application/json; charset=utf-8
      etag:
      - W/"3952e8dcc09991292223b1ea94a25f45"
      referrer-policy:
      - strict-origin-when-cross-origin
      server-timing:
      - cache_read.active_support;dur=0.03, sql.active_record;dur=1.14, cache_generate.active_support;dur=0.94,
        cache_write.active_support;dur=0.09, instantiation.active_record;dur=0.27,
        start_processing.action_controller;dur=0.00, render.active_model_serializers;dur=0.16,
        process_action.action_controller;dur=31.43
      vary:
      - Authorization, Origin
      x-content-type-options:
      - nosniff
      x-frame-options:
      - SAMEORIGIN
      x-permitted-cross-domain-policies:
      - none
      x-ratelimit-limit:
      - '300'
      x-ratelimit-remaining:
      - '299'
      x-ratelimit-reset:
      - '2025-08-17T18:45:00.072593Z'
      x-request-id:
      - f08bd9e8-356c-4414-b3a9-9be6268c7592
      x-runtime:
      - '0.048501'
      x-xss-protection:
      - '0'
    status:
      code: 200
      message: OK
- request:
    body: null
    headers:
      Accept:
      - '*/*'
      Accept-Encoding:
      - gzip, deflate, br
      Authorization:
      - Bearer __MASTODON_PY_TEST_ACCESS_TOKEN_2
      Connection:
      - keep-alive
      User-Agent:
      - tests/v311
    method: GET
    uri: http://localhost:3000/api/v1/admin/canonical_email_blocks
  response:
    body:
      string: '[{"id":"2","canonical_email_hash":"973dfe463ec85785f5f95af5ba3906eedb2d931c24e69824a89ea65dba4e813b"}]'
    headers:
      Content-Length:
      - '102'
      cache-control:
      - private, no-store
      content-security-policy:
      - default-src 'none'; frame-ancestors 'none'; form-action 'none'
      content-type:
      - application/json; charset=utf-8
      etag:
      - W/"3952e8dcc09991292223b1ea94a25f45"
      link:
      - <http://localhost:3000/api/v1/admin/canonical_email_blocks?min_id=2>; rel="prev"
      referrer-policy:
      - strict-origin-when-cross-origin
      server-timing:
      - cache_read.active_support;dur=0.03, sql.active_record;dur=1.11, cache_generate.active_support;dur=0.94,
        cache_write.active_support;dur=0.09, instantiation.active_record;dur=0.24,
        start_processing.action_controller;dur=0.00, render.active_model_serializers;dur=0.17,
        process_action.action_controller;dur=28.24
      vary:
      - Authorization, Origin
      x-content-type-options:
      - nosniff
      x-frame-options:
      - SAMEORIGIN
      x-permitted-cross-domain-policies:
      - none
      x-ratelimit-limit:
      - '300'
      x-ratelimit-remaining:
      - '299'
      x-ratelimit-reset:
      - '2025-08-17T18:45:00.129072Z'
      x-request-id:
      - e6e2c6fd-4adc-4599-ad79-c32356202758
      x-runtime:
      - '0.046692'
      x-xss-protection:
      - '0'
    status:
      code: 200
      message: OK
- request:
    body: null
    headers:
      Accept:
      - '*/*'
      Accept-Encoding:
      - gzip, deflate, br
      Authorization:
      - Bearer __MASTODON_PY_TEST_ACCESS_TOKEN_2
      Connection:
      - keep-alive
      Content-Length:
      - '0'
      User-Agent:
      - tests/v311
    method: DELETE
    uri: http://localhost:3000/api/v1/admin/canonical_email_blocks/2
  response:
    body:
      string: '{}'
    headers:
      Content-Length:
      - '2'
      cache-control:
      - private, no-store
      content-security-policy:
      - default-src 'none'; frame-ancestors 'none'; form-action 'none'
      content-type:
      - application/json; charset=utf-8
      etag:
      - W/"44136fa355b3678a1146ad16f7e8649e"
      referrer-policy:
      - strict-origin-when-cross-origin
      server-timing:
      - cache_read.active_support;dur=0.03, sql.active_record;dur=10.08, cache_generate.active_support;dur=1.01,
        cache_write.active_support;dur=0.08, instantiation.active_record;dur=0.37,
        start_processing.action_controller;dur=0.00, start_transaction.active_record;dur=0.01,
        transaction.active_record;dur=8.81, render.active_model_serializers;dur=0.02,
        process_action.action_controller;dur=41.35
      vary:
      - Authorization, Origin
      x-content-type-options:
      - nosniff
      x-frame-options:
      - SAMEORIGIN
      x-permitted-cross-domain-policies:
      - none
      x-ratelimit-limit:
      - '300'
      x-ratelimit-remaining:
      - '299'
      x-ratelimit-reset:
      - '2025-08-17T18:45:00.184749Z'
      x-request-id:
      - dad3a9bc-a402-48d6-be36-4728edae7809
      x-runtime:
      - '0.059013'
      x-xss-protection:
      - '0'
    status:
      code: 200
      message: OK
- request:
    body: null
    headers:
      Accept:
      - '*/*'
      Accept-Encoding:
      - gzip, deflate, br
      Authorization:
      - Bearer __MASTODON_PY_TEST_ACCESS_TOKEN_2
      Connection:
      - keep-alive
      User-Agent:
      - tests/v311
    method: GET
    uri: http://localhost:3000/api/v1/admin/canonical_email_blocks
  response:
    body:
      string: '[]'
    headers:
      Content-Length:
      - '2'
      cache-control:
      - private, no-store
      content-security-policy:
      - default-src 'none'; frame-ancestors 'none'; form-action 'none'
      content-type:
      - application/json; charset=utf-8
      etag:
      - W/"4f53cda18c2baa0c0354bb5f9a3ecbe5"
      referrer-policy:
      - strict-origin-when-cross-origin
      server-timing:
      - cache_read.active_support;dur=0.03, sql.active_record;dur=1.13, cache_generate.active_support;dur=0.91,
        cache_write.active_support;dur=0.08, instantiation.active_record;dur=0.22,
        start_processing.action_controller;dur=0.00, render.active_model_serializers;dur=0.06,
        process_action.action_controller;dur=28.26
      vary:
      - Authorization, Origin
      x-content-type-options:
      - nosniff
      x-frame-options:
      - SAMEORIGIN
      x-permitted-cross-domain-policies:
      - none
      x-ratelimit-limit:
      - '300'
      x-ratelimit-remaining:
      - '299'
      x-ratelimit-reset:
      - '2025-08-17T18:45:00.253251Z'
      x-request-id:
      - 00ac727a-d360-4875-a499-72a5fa18fe28
      x-runtime:
      - '0.045996'
      x-xss-protection:
      - '0'
    status:
      code: 200
      message: OK
- request:
    body: canonical_email_hash=973dfe463ec85785f5f95af5ba3906eedb2d931c24e69824a89ea65dba4e813b
    headers:
      Accept:
      - '*/*'
      Accept-Encoding:
      - gzip, deflate, br
      Authorization:
      - Bearer __MASTODON_PY_TEST_ACCESS_TOKEN_2
      Connection:
      - keep-alive
      Content-Length:
      - '85'
      Content-Type:
      - application/x-www-form-urlencoded
      User-Agent:
      - tests/v311
    method: POST
    uri: http://localhost:3000/api/v1/admin/canonical_email_blocks
  response:
    body:
      string: '{"id":"3","canonical_email_hash":"973dfe463ec85785f5f95af5ba3906eedb2d931c24e69824a89ea65dba4e813b"}'
    headers:
      Content-Length:
      - '100'
      cache-control:
      - private, no-store
      content-security-policy:
      - default-src 'none'; frame-ancestors 'none'; form-action 'none'
      content-type:
      - application/json; charset=utf-8
      etag:
      - W/"03a941d0a81e7ac3b7db195d195c7ffa"
      referrer-policy:
      - strict-origin-when-cross-origin
      server-timing:
      - cache_read.active_support;dur=0.03, sql.active_record;dur=9.93, cache_generate.active_support;dur=0.97,
        cache_write.active_support;dur=0.09, instantiation.active_record;dur=0.27,
        start_processing.action_controller;dur=0.00, start_transaction.active_record;dur=0.01,
        transaction.active_record;dur=9.80, render.active_model_serializers;dur=0.15,
        process_action.action_controller;dur=40.39
      vary:
      - Authorization, Origin
      x-content-type-options:
      - nosniff
      x-frame-options:
      - SAMEORIGIN
      x-permitted-cross-domain-policies:
      - none
      x-ratelimit-limit:
      - '300'
      x-ratelimit-remaining:
      - '299'
      x-ratelimit-reset:
      - '2025-08-17T18:45:00.309382Z'
      x-request-id:
      - e1ee6456-326c-4ca6-8fca-6a95f971bd24
      x-runtime:
      - '0.058866'
      x-xss-protection:
      - '0'
    status:
      code: 200
      message: OK
- request:
    body: null
    headers:
      Accept:
      - '*/*'
      Accept-Encoding:
      - gzip, deflate, br
      Authorization:
      - Bearer __MASTODON_PY_TEST_ACCESS_TOKEN_2
      Connection:
      - keep-alive
      User-Agent:
      - tests/v311
    method: GET
    uri: http://localhost:3000/api/v1/admin/canonical_email_blocks/3
  response:
    body:
      string: '{"id":"3","canonical_email_hash":"973dfe463ec85785f5f95af5ba3906eedb2d931c24e69824a89ea65dba4e813b"}'
    headers:
      Content-Length:
      - '100'
      cache-control:
      - private, no-store
      content-security-policy:
      - default-src 'none'; frame-ancestors 'none'; form-action 'none'
      content-type:
      - application/json; charset=utf-8
      etag:
      - W/"03a941d0a81e7ac3b7db195d195c7ffa"
      referrer-policy:
      - strict-origin-when-cross-origin
      server-timing:
      - cache_read.active_support;dur=0.03, sql.active_record;dur=1.17, cache_generate.active_support;dur=1.61,
        cache_write.active_support;dur=0.08, instantiation.active_record;dur=0.23,
        start_processing.action_controller;dur=0.00, render.active_model_serializers;dur=0.14,
        process_action.action_controller;dur=29.25
      vary:
      - Authorization, Origin
      x-content-type-options:
      - nosniff
      x-frame-options:
      - SAMEORIGIN
      x-permitted-cross-domain-policies:
      - none
      x-ratelimit-limit:
      - '300'
      x-ratelimit-remaining:
      - '299'
      x-ratelimit-reset:
      - '2025-08-17T18:45:00.378304Z'
      x-request-id:
      - 8579b7e8-2078-41e0-8894-06805660d65b
      x-runtime:
      - '0.048523'
      x-xss-protection:
      - '0'
    status:
      code: 200
      message: OK
- request:
    body: email=Test%40example.com
    headers:
      Accept:
      - '*/*'
      Accept-Encoding:
      - gzip, deflate, br
      Authorization:
      - Bearer __MASTODON_PY_TEST_ACCESS_TOKEN_2
      Connection:
      - keep-alive
      Content-Length:
      - '24'
      Content-Type:
      - application/x-www-form-urlencoded
      User-Agent:
      - tests/v311
    method: POST
    uri: http://localhost:3000/api/v1/admin/canonical_email_blocks/test
  response:
    body:
      string: '[{"id":"3","canonical_email_hash":"973dfe463ec85785f5f95af5ba3906eedb2d931c24e69824a89ea65dba4e813b"}]'
    headers:
      Content-Length:
      - '102'
      cache-control:
      - private, no-store
      content-security-policy:
      - default-src 'none'; frame-ancestors 'none'; form-action 'none'
      content-type:
      - application/json; charset=utf-8
      etag:
      - W/"9a90f9d753e5819d7e2c3dbf9f45af08"
      referrer-policy:
      - strict-origin-when-cross-origin
      server-timing:
      - cache_read.active_support;dur=0.03, sql.active_record;dur=1.31, cache_generate.active_support;dur=1.00,
        cache_write.active_support;dur=0.08, instantiation.active_record;dur=0.36,
        start_processing.action_controller;dur=0.00, render.active_model_serializers;dur=0.17,
        process_action.action_controller;dur=30.76
      vary:
      - Authorization, Origin
      x-content-type-options:
      - nosniff
      x-frame-options:
      - SAMEORIGIN
      x-permitted-cross-domain-policies:
      - none
      x-ratelimit-limit:
      - '300'
      x-ratelimit-remaining:
      - '299'
      x-ratelimit-reset:
      - '2025-08-17T18:45:00.435219Z'
      x-request-id:
      - 600ed3e7-0980-489b-bc5c-32893fa8098d
      x-runtime:
      - '0.048103'
      x-xss-protection:
      - '0'
    status:
      code: 200
      message: OK
- request:
    body: email=te.st%40example.com
    headers:
      Accept:
      - '*/*'
      Accept-Encoding:
      - gzip, deflate, br
      Authorization:
      - Bearer __MASTODON_PY_TEST_ACCESS_TOKEN_2
      Connection:
      - keep-alive
      Content-Length:
      - '25'
      Content-Type:
      - application/x-www-form-urlencoded
      User-Agent:
      - tests/v311
    method: POST
    uri: http://localhost:3000/api/v1/admin/canonical_email_blocks/test
  response:
    body:
      string: '[{"id":"3","canonical_email_hash":"973dfe463ec85785f5f95af5ba3906eedb2d931c24e69824a89ea65dba4e813b"}]'
    headers:
      Content-Length:
      - '102'
      cache-control:
      - private, no-store
      content-security-policy:
      - default-src 'none'; frame-ancestors 'none'; form-action 'none'
      content-type:
      - application/json; charset=utf-8
      etag:
      - W/"9a90f9d753e5819d7e2c3dbf9f45af08"
      referrer-policy:
      - strict-origin-when-cross-origin
      server-timing:
      - cache_read.active_support;dur=0.03, sql.active_record;dur=1.11, cache_generate.active_support;dur=1.24,
        cache_write.active_support;dur=0.08, instantiation.active_record;dur=0.28,
        start_processing.action_controller;dur=0.00, render.active_model_serializers;dur=0.15,
        process_action.action_controller;dur=29.27
      vary:
      - Authorization, Origin
      x-content-type-options:
      - nosniff
      x-frame-options:
      - SAMEORIGIN
      x-permitted-cross-domain-policies:
      - none
      x-ratelimit-limit:
      - '300'
      x-ratelimit-remaining:
      - '299'
      x-ratelimit-reset:
      - '2025-08-17T18:45:00.493273Z'
      x-request-id:
      - f7cfad6a-6769-41e1-8f9d-cc8670300e44
      x-runtime:
      - '0.047690'
      x-xss-protection:
      - '0'
    status:
      code: 200
      message: OK
- request:
    body: email=test%2Bother%40EXAMPLE.com
    headers:
      Accept:
      - '*/*'
      Accept-Encoding:
      - gzip, deflate, br
      Authorization:
      - Bearer __MASTODON_PY_TEST_ACCESS_TOKEN_2
      Connection:
      - keep-alive
      Content-Length:
      - '32'
      Content-Type:
      - application/x-www-form-urlencoded
      User-Agent:
      - tests/v311
    method: POST
    uri: http://localhost:3000/api/v1/admin/canonical_email_blocks/test
  response:
    body:
      string: '[{"id":"3","canonical_email_hash":"973dfe463ec85785f5f95af5ba3906eedb2d931c24e69824a89ea65dba4e813b"}]'
    headers:
      Content-Length:
      - '102'
      cache-control:
      - private, no-store
      content-security-policy:
      - default-src 'none'; frame-ancestors 'none'; form-action 'none'
      content-type:
      - application/json; charset=utf-8
      etag:
      - W/"9a90f9d753e5819d7e2c3dbf9f45af08"
      referrer-policy:
      - strict-origin-when-cross-origin
      server-timing:
      - cache_read.active_support;dur=0.03, sql.active_record;dur=0.99, cache_generate.active_support;dur=0.89,
        cache_write.active_support;dur=0.07, instantiation.active_record;dur=0.27,
        start_processing.action_controller;dur=0.00, render.active_model_serializers;dur=0.16,
        process_action.action_controller;dur=29.26
      vary:
      - Authorization, Origin
      x-content-type-options:
      - nosniff
      x-frame-options:
      - SAMEORIGIN
      x-permitted-cross-domain-policies:
      - none
      x-ratelimit-limit:
      - '300'
      x-ratelimit-remaining:
      - '299'
      x-ratelimit-reset:
      - '2025-08-17T18:45:00.549287Z'
      x-request-id:
      - c8baea93-ed8e-45cc-bcff-3e130cb010f1
      x-runtime:
      - '0.046719'
      x-xss-protection:
      - '0'
    status:
      code: 200
      message: OK
- request:
    body: null
    headers:
      Accept:
      - '*/*'
      Accept-Encoding:
      - gzip, deflate, br
      Authorization:
      - Bearer __MASTODON_PY_TEST_ACCESS_TOKEN_2
      Connection:
      - keep-alive
      Content-Length:
      - '0'
      User-Agent:
      - tests/v311
    method: DELETE
    uri: http://localhost:3000/api/v1/admin/canonical_email_blocks/3
  response:
    body:
      string: '{}'
    headers:
      Content-Length:
      - '2'
      cache-control:
      - private, no-store
      content-security-policy:
      - default-src 'none'; frame-ancestors 'none'; form-action 'none'
      content-type:
      - application/json; charset=utf-8
      etag:
      - W/"44136fa355b3678a1146ad16f7e8649e"
      referrer-policy:
      - strict-origin-when-cross-origin
      server-timing:
      - cache_read.active_support;dur=0.03, sql.active_record;dur=9.75, cache_generate.active_support;dur=0.92,
        cache_write.active_support;dur=0.07, instantiation.active_record;dur=0.28,
        start_processing.action_controller;dur=0.00, start_transaction.active_record;dur=0.01,
        transaction.active_record;dur=8.81, render.active_model_serializers;dur=0.02,
        process_action.action_controller;dur=39.30
      vary:
      - Authorization, Origin
      x-content-type-options:
      - nosniff
      x-frame-options:
      - SAMEORIGIN
      x-permitted-cross-domain-policies:
      - none
      x-ratelimit-limit:
      - '300'
      x-ratelimit-remaining:
      - '299'
      x-ratelimit-reset:
      - '2025-08-17T18:45:00.605141Z'
      x-request-id:
      - 713d773b-657b-48dc-86d5-f6c6197fcf4e
      x-runtime:
      - '0.055934'
      x-xss-protection:
      - '0'
    status:
      code: 200
      message: OK
version: 1
