interactions:
- request:
    body: null
    headers:
      Accept: ['*/*']
      Accept-Encoding: ['gzip, deflate']
      Authorization: [Bearer __MASTODON_PY_TEST_ACCESS_TOKEN]
      Connection: [keep-alive]
      Content-Length: ['0']
      User-Agent: [python-requests/2.18.4]
    method: POST
    uri: http://localhost:3000/api/v1/accounts/1/block
  response:
    body: {string: '{"id":"1","following":false,"showing_reblogs":false,"followed_by":false,"blocking":true,"muting":false,"muting_notifications":false,"requested":false,"domain_blocking":false}'}
    headers:
      Cache-Control: ['max-age=0, private, must-revalidate']
      Content-Type: [application/json; charset=utf-8]
      ETag: [W/"1737b2d94b09b7d317c52ba46e4c1487"]
      Referrer-Policy: [strict-origin-when-cross-origin]
      Transfer-Encoding: [chunked]
      Vary: ['Accept-Encoding, Origin']
      X-Content-Type-Options: [nosniff]
      X-Download-Options: [noopen]
      X-Frame-Options: [SAMEORIGIN]
      X-Permitted-Cross-Domain-Policies: [none]
      X-Request-Id: [82588fa5-568c-4d2c-9a2c-aa707113c191]
      X-Runtime: ['0.047347']
      X-XSS-Protection: [1; mode=block]
      content-length: ['174']
    status: {code: 200, message: OK}
- request:
    body: null
    headers:
      Accept: ['*/*']
      Accept-Encoding: ['gzip, deflate']
      Authorization: [Bearer __MASTODON_PY_TEST_ACCESS_TOKEN]
      Connection: [keep-alive]
      Content-Length: ['0']
      User-Agent: [python-requests/2.18.4]
    method: POST
    uri: http://localhost:3000/api/v1/accounts/1/unblock
  response:
    body: {string: '{"id":"1","following":false,"showing_reblogs":false,"followed_by":false,"blocking":false,"muting":false,"muting_notifications":false,"requested":false,"domain_blocking":false}'}
    headers:
      Cache-Control: ['max-age=0, private, must-revalidate']
      Content-Type: [application/json; charset=utf-8]
      ETag: [W/"567fcb76cedd3fab2d295958338f60e1"]
      Referrer-Policy: [strict-origin-when-cross-origin]
      Transfer-Encoding: [chunked]
      Vary: ['Accept-Encoding, Origin']
      X-Content-Type-Options: [nosniff]
      X-Download-Options: [noopen]
      X-Frame-Options: [SAMEORIGIN]
      X-Permitted-Cross-Domain-Policies: [none]
      X-Request-Id: [b59145d9-b0d6-4939-bf0d-d3cc533197bd]
      X-Runtime: ['0.037739']
      X-XSS-Protection: [1; mode=block]
      content-length: ['175']
    status: {code: 200, message: OK}
version: 1
